
Microsoft Visual Studio Solution File, Format Version 12.00
# Visual Studio Version 17
VisualStudioVersion = 17.14.36121.58
MinimumVisualStudioVersion = 10.0.40219.1
Project("{FAE04EC0-301F-11D3-BF4B-00C04F79EFBC}") = "ShareCommon", "ShareCommon\ShareCommon.csproj", "{B6156288-E152-4FA9-A216-202CA567D1FB}"
EndProject
Project("{FAE04EC0-301F-11D3-BF4B-00C04F79EFBC}") = "API.Topup", "API.Topup\API.Topup.csproj", "{1D4816F9-3CE5-404C-9203-20B23BB4B8F3}"
EndProject
Project("{FAE04EC0-301F-11D3-BF4B-00C04F79EFBC}") = "Producer.Topup", "Producer.Topup\Producer.Topup.csproj", "{775A2F92-A31A-448A-90F3-15E3FE3C7545}"
EndProject
Project("{FAE04EC0-301F-11D3-BF4B-00C04F79EFBC}") = "API.Notification", "API.Notification\API.Notification.csproj", "{341035EA-FE33-457F-A52C-97536CDE952A}"
EndProject
Project("{FAE04EC0-301F-11D3-BF4B-00C04F79EFBC}") = "Consumer.Notification", "Consumer.Notification\Consumer.Notification.csproj", "{949B1614-0725-45A6-964A-D59A25B768E5}"
EndProject
Project("{2150E333-8FDC-42A3-9474-1A3956D46DE8}") = "Notification", "Notification", "{02EA681E-C7D8-13C7-8484-4AC65E1B71E8}"
EndProject
Project("{2150E333-8FDC-42A3-9474-1A3956D46DE8}") = "Topup", "Topup", "{EDDEB846-B813-4319-A03B-702877B6B1B7}"
EndProject
Project("{FAE04EC0-301F-11D3-BF4B-00C04F79EFBC}") = "Producer.Notification", "Producer.Notification\Producer.Notification.csproj", "{2347A4DE-6412-4DDA-B10A-829F561BB6A7}"
EndProject
Project("{FAE04EC0-301F-11D3-BF4B-00C04F79EFBC}") = "Consumer.Topup", "Consumer.Topup\Consumer.Topup.csproj", "{45959EC3-14B3-2080-2E38-2799D1E99B1D}"
EndProject
Global
	GlobalSection(SolutionConfigurationPlatforms) = preSolution
		Debug|Any CPU = Debug|Any CPU
		Release|Any CPU = Release|Any CPU
	EndGlobalSection
	GlobalSection(ProjectConfigurationPlatforms) = postSolution
		{B6156288-E152-4FA9-A216-202CA567D1FB}.Debug|Any CPU.ActiveCfg = Debug|Any CPU
		{B6156288-E152-4FA9-A216-202CA567D1FB}.Debug|Any CPU.Build.0 = Debug|Any CPU
		{B6156288-E152-4FA9-A216-202CA567D1FB}.Release|Any CPU.ActiveCfg = Release|Any CPU
		{B6156288-E152-4FA9-A216-202CA567D1FB}.Release|Any CPU.Build.0 = Release|Any CPU
		{1D4816F9-3CE5-404C-9203-20B23BB4B8F3}.Debug|Any CPU.ActiveCfg = Debug|Any CPU
		{1D4816F9-3CE5-404C-9203-20B23BB4B8F3}.Debug|Any CPU.Build.0 = Debug|Any CPU
		{1D4816F9-3CE5-404C-9203-20B23BB4B8F3}.Release|Any CPU.ActiveCfg = Release|Any CPU
		{1D4816F9-3CE5-404C-9203-20B23BB4B8F3}.Release|Any CPU.Build.0 = Release|Any CPU
		{775A2F92-A31A-448A-90F3-15E3FE3C7545}.Debug|Any CPU.ActiveCfg = Debug|Any CPU
		{775A2F92-A31A-448A-90F3-15E3FE3C7545}.Debug|Any CPU.Build.0 = Debug|Any CPU
		{775A2F92-A31A-448A-90F3-15E3FE3C7545}.Release|Any CPU.ActiveCfg = Release|Any CPU
		{775A2F92-A31A-448A-90F3-15E3FE3C7545}.Release|Any CPU.Build.0 = Release|Any CPU
		{341035EA-FE33-457F-A52C-97536CDE952A}.Debug|Any CPU.ActiveCfg = Debug|Any CPU
		{341035EA-FE33-457F-A52C-97536CDE952A}.Debug|Any CPU.Build.0 = Debug|Any CPU
		{341035EA-FE33-457F-A52C-97536CDE952A}.Release|Any CPU.ActiveCfg = Release|Any CPU
		{341035EA-FE33-457F-A52C-97536CDE952A}.Release|Any CPU.Build.0 = Release|Any CPU
		{949B1614-0725-45A6-964A-D59A25B768E5}.Debug|Any CPU.ActiveCfg = Debug|Any CPU
		{949B1614-0725-45A6-964A-D59A25B768E5}.Debug|Any CPU.Build.0 = Debug|Any CPU
		{949B1614-0725-45A6-964A-D59A25B768E5}.Release|Any CPU.ActiveCfg = Release|Any CPU
		{949B1614-0725-45A6-964A-D59A25B768E5}.Release|Any CPU.Build.0 = Release|Any CPU
		{2347A4DE-6412-4DDA-B10A-829F561BB6A7}.Debug|Any CPU.ActiveCfg = Debug|Any CPU
		{2347A4DE-6412-4DDA-B10A-829F561BB6A7}.Debug|Any CPU.Build.0 = Debug|Any CPU
		{2347A4DE-6412-4DDA-B10A-829F561BB6A7}.Release|Any CPU.ActiveCfg = Release|Any CPU
		{2347A4DE-6412-4DDA-B10A-829F561BB6A7}.Release|Any CPU.Build.0 = Release|Any CPU
		{45959EC3-14B3-2080-2E38-2799D1E99B1D}.Debug|Any CPU.ActiveCfg = Debug|Any CPU
		{45959EC3-14B3-2080-2E38-2799D1E99B1D}.Debug|Any CPU.Build.0 = Debug|Any CPU
		{45959EC3-14B3-2080-2E38-2799D1E99B1D}.Release|Any CPU.ActiveCfg = Release|Any CPU
		{45959EC3-14B3-2080-2E38-2799D1E99B1D}.Release|Any CPU.Build.0 = Release|Any CPU
	EndGlobalSection
	GlobalSection(SolutionProperties) = preSolution
		HideSolutionNode = FALSE
	EndGlobalSection
	GlobalSection(NestedProjects) = preSolution
		{1D4816F9-3CE5-404C-9203-20B23BB4B8F3} = {EDDEB846-B813-4319-A03B-702877B6B1B7}
		{775A2F92-A31A-448A-90F3-15E3FE3C7545} = {EDDEB846-B813-4319-A03B-702877B6B1B7}
		{341035EA-FE33-457F-A52C-97536CDE952A} = {02EA681E-C7D8-13C7-8484-4AC65E1B71E8}
		{949B1614-0725-45A6-964A-D59A25B768E5} = {02EA681E-C7D8-13C7-8484-4AC65E1B71E8}
		{2347A4DE-6412-4DDA-B10A-829F561BB6A7} = {02EA681E-C7D8-13C7-8484-4AC65E1B71E8}
		{45959EC3-14B3-2080-2E38-2799D1E99B1D} = {EDDEB846-B813-4319-A03B-702877B6B1B7}
	EndGlobalSection
	GlobalSection(ExtensibilityGlobals) = postSolution
		SolutionGuid = {1E263E09-CA8B-480B-A86A-FFEDC0195361}
	EndGlobalSection
EndGlobal
