
Microsoft Visual Studio Solution File, Format Version 12.00
# Visual Studio Version 17
VisualStudioVersion = 17.14.36121.58
MinimumVisualStudioVersion = 10.0.40219.1
Project("{2150E333-8FDC-42A3-9474-1A3956D46DE8}") = "Api", "Api", "{02EA681E-C7D8-13C7-8484-4AC65E1B71E8}"
EndProject
Project("{2150E333-8FDC-42A3-9474-1A3956D46DE8}") = "Modules", "Modules", "{5B7CFC87-E8A4-46E7-840D-14E63B76A9EA}"
EndProject
Project("{2150E333-8FDC-42A3-9474-1A3956D46DE8}") = "BuildingBlocks", "BuildingBlocks", "{6F8DADE5-BBFE-4D75-8247-0481500F1BF5}"
EndProject
Project("{2150E333-8FDC-42A3-9474-1A3956D46DE8}") = "User", "User", "{139ED664-7E31-444E-887C-67C6D434CC78}"
EndProject
Project("{FAE04EC0-301F-11D3-BF4B-00C04F79EFBC}") = "Hookpay.Bootstrapper", "src\Bootstrapper\Hookpay.Bootstrapper\Hookpay.Bootstrapper.csproj", "{CEED7552-52AC-52E4-E191-2A6564A05D14}"
EndProject
Project("{FAE04EC0-301F-11D3-BF4B-00C04F79EFBC}") = "Hookpay.Modules.Users.Api", "src\Modules\Users\Hookpay.Modules.Users.Api\Hookpay.Modules.Users.Api.csproj", "{4A0656E3-CEAE-13D4-59D6-CB5D4D74BFFE}"
EndProject
Project("{FAE04EC0-301F-11D3-BF4B-00C04F79EFBC}") = "Hookpay.Modules.Users.Core", "src\Modules\Users\Hookpay.Modules.Users.Core\Hookpay.Modules.Users.Core.csproj", "{032279EC-315F-5A75-13B8-2352B8CD343D}"
EndProject
Project("{2150E333-8FDC-42A3-9474-1A3956D46DE8}") = "Topup", "Topup", "{C94E34ED-7795-42E0-AFC3-BD12F539C09B}"
EndProject
Project("{FAE04EC0-301F-11D3-BF4B-00C04F79EFBC}") = "Hookpay.Modules.Topups.Api", "src\Modules\Topups\Hookpay.Modules.Topups.Api\Hookpay.Modules.Topups.Api.csproj", "{6385DB00-7FC9-164D-D630-402272EB2356}"
EndProject
Project("{FAE04EC0-301F-11D3-BF4B-00C04F79EFBC}") = "Hookpay.Modules.Topups.Core", "src\Modules\Topups\Hookpay.Modules.Topups.Core\Hookpay.Modules.Topups.Core.csproj", "{B38ED379-00A6-3389-80B1-EE96C46E910C}"
EndProject
Project("{2150E333-8FDC-42A3-9474-1A3956D46DE8}") = "Notification", "Notification", "{A5557F8D-07A5-4CEF-85CB-C53EE1F3C7DD}"
EndProject
Project("{FAE04EC0-301F-11D3-BF4B-00C04F79EFBC}") = "Hookpay.Modules.Notifications.Api", "src\Modules\Notifications\Hookpay.Modules.Notifications.Api\Hookpay.Modules.Notifications.Api.csproj", "{F5D34D0C-9CF1-5CF6-F6C6-21052DA7CC4A}"
EndProject
Project("{FAE04EC0-301F-11D3-BF4B-00C04F79EFBC}") = "Hookpay.Modules.Notifications.Core", "src\Modules\Notifications\Hookpay.Modules.Notifications.Core\Hookpay.Modules.Notifications.Core.csproj", "{150B7853-F977-160E-4DFA-F33250756335}"
EndProject
Project("{FAE04EC0-301F-11D3-BF4B-00C04F79EFBC}") = "Hookpay.Shared", "src\Shared\Hookpay.Shared\Hookpay.Shared.csproj", "{A66B5CE2-0419-DA55-D5B1-97247589AA38}"
EndProject
Project("{2150E333-8FDC-42A3-9474-1A3956D46DE8}") = "src", "src", "{0D842195-9457-489E-A1ED-5192E10E7422}"
EndProject
Project("{2150E333-8FDC-42A3-9474-1A3956D46DE8}") = "src", "src", "{9BA63A67-4EB1-44B3-BC9E-01BE1E7277DA}"
EndProject
Global
	GlobalSection(SolutionConfigurationPlatforms) = preSolution
		Debug|Any CPU = Debug|Any CPU
		Release|Any CPU = Release|Any CPU
	EndGlobalSection
	GlobalSection(ProjectConfigurationPlatforms) = postSolution
		{CEED7552-52AC-52E4-E191-2A6564A05D14}.Debug|Any CPU.ActiveCfg = Debug|Any CPU
		{CEED7552-52AC-52E4-E191-2A6564A05D14}.Debug|Any CPU.Build.0 = Debug|Any CPU
		{CEED7552-52AC-52E4-E191-2A6564A05D14}.Release|Any CPU.ActiveCfg = Release|Any CPU
		{CEED7552-52AC-52E4-E191-2A6564A05D14}.Release|Any CPU.Build.0 = Release|Any CPU
		{4A0656E3-CEAE-13D4-59D6-CB5D4D74BFFE}.Debug|Any CPU.ActiveCfg = Debug|Any CPU
		{4A0656E3-CEAE-13D4-59D6-CB5D4D74BFFE}.Debug|Any CPU.Build.0 = Debug|Any CPU
		{4A0656E3-CEAE-13D4-59D6-CB5D4D74BFFE}.Release|Any CPU.ActiveCfg = Release|Any CPU
		{4A0656E3-CEAE-13D4-59D6-CB5D4D74BFFE}.Release|Any CPU.Build.0 = Release|Any CPU
		{032279EC-315F-5A75-13B8-2352B8CD343D}.Debug|Any CPU.ActiveCfg = Debug|Any CPU
		{032279EC-315F-5A75-13B8-2352B8CD343D}.Debug|Any CPU.Build.0 = Debug|Any CPU
		{032279EC-315F-5A75-13B8-2352B8CD343D}.Release|Any CPU.ActiveCfg = Release|Any CPU
		{032279EC-315F-5A75-13B8-2352B8CD343D}.Release|Any CPU.Build.0 = Release|Any CPU
		{6385DB00-7FC9-164D-D630-402272EB2356}.Debug|Any CPU.ActiveCfg = Debug|Any CPU
		{6385DB00-7FC9-164D-D630-402272EB2356}.Debug|Any CPU.Build.0 = Debug|Any CPU
		{6385DB00-7FC9-164D-D630-402272EB2356}.Release|Any CPU.ActiveCfg = Release|Any CPU
		{6385DB00-7FC9-164D-D630-402272EB2356}.Release|Any CPU.Build.0 = Release|Any CPU
		{B38ED379-00A6-3389-80B1-EE96C46E910C}.Debug|Any CPU.ActiveCfg = Debug|Any CPU
		{B38ED379-00A6-3389-80B1-EE96C46E910C}.Debug|Any CPU.Build.0 = Debug|Any CPU
		{B38ED379-00A6-3389-80B1-EE96C46E910C}.Release|Any CPU.ActiveCfg = Release|Any CPU
		{B38ED379-00A6-3389-80B1-EE96C46E910C}.Release|Any CPU.Build.0 = Release|Any CPU
		{F5D34D0C-9CF1-5CF6-F6C6-21052DA7CC4A}.Debug|Any CPU.ActiveCfg = Debug|Any CPU
		{F5D34D0C-9CF1-5CF6-F6C6-21052DA7CC4A}.Debug|Any CPU.Build.0 = Debug|Any CPU
		{F5D34D0C-9CF1-5CF6-F6C6-21052DA7CC4A}.Release|Any CPU.ActiveCfg = Release|Any CPU
		{F5D34D0C-9CF1-5CF6-F6C6-21052DA7CC4A}.Release|Any CPU.Build.0 = Release|Any CPU
		{150B7853-F977-160E-4DFA-F33250756335}.Debug|Any CPU.ActiveCfg = Debug|Any CPU
		{150B7853-F977-160E-4DFA-F33250756335}.Debug|Any CPU.Build.0 = Debug|Any CPU
		{150B7853-F977-160E-4DFA-F33250756335}.Release|Any CPU.ActiveCfg = Release|Any CPU
		{150B7853-F977-160E-4DFA-F33250756335}.Release|Any CPU.Build.0 = Release|Any CPU
		{A66B5CE2-0419-DA55-D5B1-97247589AA38}.Debug|Any CPU.ActiveCfg = Debug|Any CPU
		{A66B5CE2-0419-DA55-D5B1-97247589AA38}.Debug|Any CPU.Build.0 = Debug|Any CPU
		{A66B5CE2-0419-DA55-D5B1-97247589AA38}.Release|Any CPU.ActiveCfg = Release|Any CPU
		{A66B5CE2-0419-DA55-D5B1-97247589AA38}.Release|Any CPU.Build.0 = Release|Any CPU
	EndGlobalSection
	GlobalSection(SolutionProperties) = preSolution
		HideSolutionNode = FALSE
	EndGlobalSection
	GlobalSection(NestedProjects) = preSolution
		{139ED664-7E31-444E-887C-67C6D434CC78} = {5B7CFC87-E8A4-46E7-840D-14E63B76A9EA}
		{CEED7552-52AC-52E4-E191-2A6564A05D14} = {02EA681E-C7D8-13C7-8484-4AC65E1B71E8}
		{4A0656E3-CEAE-13D4-59D6-CB5D4D74BFFE} = {0D842195-9457-489E-A1ED-5192E10E7422}
		{032279EC-315F-5A75-13B8-2352B8CD343D} = {0D842195-9457-489E-A1ED-5192E10E7422}
		{C94E34ED-7795-42E0-AFC3-BD12F539C09B} = {5B7CFC87-E8A4-46E7-840D-14E63B76A9EA}
		{6385DB00-7FC9-164D-D630-402272EB2356} = {9BA63A67-4EB1-44B3-BC9E-01BE1E7277DA}
		{B38ED379-00A6-3389-80B1-EE96C46E910C} = {9BA63A67-4EB1-44B3-BC9E-01BE1E7277DA}
		{A5557F8D-07A5-4CEF-85CB-C53EE1F3C7DD} = {5B7CFC87-E8A4-46E7-840D-14E63B76A9EA}
		{F5D34D0C-9CF1-5CF6-F6C6-21052DA7CC4A} = {A5557F8D-07A5-4CEF-85CB-C53EE1F3C7DD}
		{150B7853-F977-160E-4DFA-F33250756335} = {A5557F8D-07A5-4CEF-85CB-C53EE1F3C7DD}
		{A66B5CE2-0419-DA55-D5B1-97247589AA38} = {6F8DADE5-BBFE-4D75-8247-0481500F1BF5}
		{0D842195-9457-489E-A1ED-5192E10E7422} = {139ED664-7E31-444E-887C-67C6D434CC78}
		{9BA63A67-4EB1-44B3-BC9E-01BE1E7277DA} = {C94E34ED-7795-42E0-AFC3-BD12F539C09B}
	EndGlobalSection
	GlobalSection(ExtensibilityGlobals) = postSolution
		SolutionGuid = {1E263E09-CA8B-480B-A86A-FFEDC0195361}
	EndGlobalSection
EndGlobal
