
Microsoft Visual Studio Solution File, Format Version 12.00
# Visual Studio Version 17
VisualStudioVersion = 17.0.31903.59
MinimumVisualStudioVersion = 10.0.40219.1
Project("{2150E333-8FDC-42A3-9474-1A3956D46DE8}") = "src", "src", "{02EA681E-C7D8-13C7-8484-4AC65E1B71E8}"
EndProject
Project("{2150E333-8FDC-42A3-9474-1A3956D46DE8}") = "Api", "Api", "{8C1606FE-2172-4F31-BFD6-E27D546EAC05}"
EndProject
Project("{2150E333-8FDC-42A3-9474-1A3956D46DE8}") = "src", "src", "{A865A5A1-7D89-4984-A868-31BFF11A3CC6}"
EndProject
Project("{FAE04EC0-301F-11D3-BF4B-00C04F79EFBC}") = "Api", "src\Api\src\Api.csproj", "{3E6ED84C-EEF0-28E0-7122-CBE9AAB6CE28}"
EndProject
Project("{2150E333-8FDC-42A3-9474-1A3956D46DE8}") = "BuildingBlocks", "BuildingBlocks", "{14CAF458-907C-43A9-AE4D-53BA507080A6}"
EndProject
Project("{2150E333-8FDC-42A3-9474-1A3956D46DE8}") = "Modules", "Modules", "{5FFD1C35-D70A-4FD2-B68F-9A3FF51BC26D}"
EndProject
Project("{FAE04EC0-301F-11D3-BF4B-00C04F79EFBC}") = "BuildingBlocks", "src\BuildingBlocks\BuildingBlocks.csproj", "{2C59E140-58BE-2575-EFA6-5EEF08D86238}"
EndProject
Project("{2150E333-8FDC-42A3-9474-1A3956D46DE8}") = "Identity", "Identity", "{01D6A983-CD4B-45DD-9288-174BAF20F9F0}"
EndProject
Project("{2150E333-8FDC-42A3-9474-1A3956D46DE8}") = "src", "src", "{E313E604-D6E9-408A-A1BD-2ABC024B5B09}"
EndProject
Project("{2150E333-8FDC-42A3-9474-1A3956D46DE8}") = "Notification", "Notification", "{68FC49CD-7FD9-4392-AC13-8AC070F4C263}"
EndProject
Project("{2150E333-8FDC-42A3-9474-1A3956D46DE8}") = "Topup", "Topup", "{DA84945C-A139-4713-92BA-AF5CBC39CCC0}"
EndProject
Project("{2150E333-8FDC-42A3-9474-1A3956D46DE8}") = "src", "src", "{A7396060-41E2-48B1-BC09-6B93E2CC038E}"
EndProject
Project("{2150E333-8FDC-42A3-9474-1A3956D46DE8}") = "src", "src", "{31215C44-F98E-449F-8FB1-70233F50F572}"
EndProject
Project("{FAE04EC0-301F-11D3-BF4B-00C04F79EFBC}") = "Identity", "src\Modules\Identity\src\Identity.csproj", "{949C9372-5C3C-D4E1-1363-6B122FBE3DC1}"
EndProject
Project("{FAE04EC0-301F-11D3-BF4B-00C04F79EFBC}") = "Notification", "src\Modules\Notification\src\Notification.csproj", "{1D95701C-1113-394F-00AA-ED82C0AD29AC}"
EndProject
Project("{FAE04EC0-301F-11D3-BF4B-00C04F79EFBC}") = "Topup", "src\Modules\Topup\src\Topup.csproj", "{86DF4057-736C-0D47-F14B-DD2EB1BD5240}"
EndProject
Project("{2150E333-8FDC-42A3-9474-1A3956D46DE8}") = "UserProfile", "UserProfile", "{D0E71E11-255F-4626-81F9-28062F5F1388}"
EndProject
Project("{FAE04EC0-301F-11D3-BF4B-00C04F79EFBC}") = "UserProfile", "src\Modules\UserProfile\src\UserProfile.csproj", "{1A9D9CA3-CF15-20D1-B4C1-87352C9C4203}"
EndProject
Project("{2150E333-8FDC-42A3-9474-1A3956D46DE8}") = "tests", "tests", "{B24BE22E-0EB7-4220-84E4-5D0AC61FBE1B}"
EndProject
Project("{FAE04EC0-301F-11D3-BF4B-00C04F79EFBC}") = "Integration.Test", "src\Modules\Topup\tests\Integration.Test.csproj", "{62D886A4-B04C-1586-08FC-3F37066ED73B}"
EndProject
Project("{2150E333-8FDC-42A3-9474-1A3956D46DE8}") = "tests", "tests", "{BCEDCB60-47AF-4351-8F8A-64F98318427F}"
EndProject
Project("{FAE04EC0-301F-11D3-BF4B-00C04F79EFBC}") = "Integration.Test", "src\Modules\Identity\tests\Integration.Test.csproj", "{19658330-F285-8C04-25C5-F8A27CDCFA0D}"
EndProject
Project("{2150E333-8FDC-42A3-9474-1A3956D46DE8}") = "Wallet", "Wallet", "{D1A70B4F-07CE-4A18-B863-1221E9E05D9B}"
EndProject
Project("{2150E333-8FDC-42A3-9474-1A3956D46DE8}") = "src", "src", "{21C9B13B-9589-4B2C-999E-5D4014510302}"
EndProject
Project("{FAE04EC0-301F-11D3-BF4B-00C04F79EFBC}") = "Wallet", "src\Modules\Wallet\src\Wallet.csproj", "{96E846BD-ED9F-092F-04A7-CBDAF6E62B80}"
EndProject
Global
	GlobalSection(SolutionConfigurationPlatforms) = preSolution
		Debug|Any CPU = Debug|Any CPU
		Release|Any CPU = Release|Any CPU
	EndGlobalSection
	GlobalSection(ProjectConfigurationPlatforms) = postSolution
		{3E6ED84C-EEF0-28E0-7122-CBE9AAB6CE28}.Debug|Any CPU.ActiveCfg = Debug|Any CPU
		{3E6ED84C-EEF0-28E0-7122-CBE9AAB6CE28}.Debug|Any CPU.Build.0 = Debug|Any CPU
		{3E6ED84C-EEF0-28E0-7122-CBE9AAB6CE28}.Release|Any CPU.ActiveCfg = Release|Any CPU
		{3E6ED84C-EEF0-28E0-7122-CBE9AAB6CE28}.Release|Any CPU.Build.0 = Release|Any CPU
		{2C59E140-58BE-2575-EFA6-5EEF08D86238}.Debug|Any CPU.ActiveCfg = Debug|Any CPU
		{2C59E140-58BE-2575-EFA6-5EEF08D86238}.Debug|Any CPU.Build.0 = Debug|Any CPU
		{2C59E140-58BE-2575-EFA6-5EEF08D86238}.Release|Any CPU.ActiveCfg = Release|Any CPU
		{2C59E140-58BE-2575-EFA6-5EEF08D86238}.Release|Any CPU.Build.0 = Release|Any CPU
		{949C9372-5C3C-D4E1-1363-6B122FBE3DC1}.Debug|Any CPU.ActiveCfg = Debug|Any CPU
		{949C9372-5C3C-D4E1-1363-6B122FBE3DC1}.Debug|Any CPU.Build.0 = Debug|Any CPU
		{949C9372-5C3C-D4E1-1363-6B122FBE3DC1}.Release|Any CPU.ActiveCfg = Release|Any CPU
		{949C9372-5C3C-D4E1-1363-6B122FBE3DC1}.Release|Any CPU.Build.0 = Release|Any CPU
		{1D95701C-1113-394F-00AA-ED82C0AD29AC}.Debug|Any CPU.ActiveCfg = Debug|Any CPU
		{1D95701C-1113-394F-00AA-ED82C0AD29AC}.Debug|Any CPU.Build.0 = Debug|Any CPU
		{1D95701C-1113-394F-00AA-ED82C0AD29AC}.Release|Any CPU.ActiveCfg = Release|Any CPU
		{1D95701C-1113-394F-00AA-ED82C0AD29AC}.Release|Any CPU.Build.0 = Release|Any CPU
		{86DF4057-736C-0D47-F14B-DD2EB1BD5240}.Debug|Any CPU.ActiveCfg = Debug|Any CPU
		{86DF4057-736C-0D47-F14B-DD2EB1BD5240}.Debug|Any CPU.Build.0 = Debug|Any CPU
		{86DF4057-736C-0D47-F14B-DD2EB1BD5240}.Release|Any CPU.ActiveCfg = Release|Any CPU
		{86DF4057-736C-0D47-F14B-DD2EB1BD5240}.Release|Any CPU.Build.0 = Release|Any CPU
		{1A9D9CA3-CF15-20D1-B4C1-87352C9C4203}.Debug|Any CPU.ActiveCfg = Debug|Any CPU
		{1A9D9CA3-CF15-20D1-B4C1-87352C9C4203}.Debug|Any CPU.Build.0 = Debug|Any CPU
		{1A9D9CA3-CF15-20D1-B4C1-87352C9C4203}.Release|Any CPU.ActiveCfg = Release|Any CPU
		{1A9D9CA3-CF15-20D1-B4C1-87352C9C4203}.Release|Any CPU.Build.0 = Release|Any CPU
		{62D886A4-B04C-1586-08FC-3F37066ED73B}.Debug|Any CPU.ActiveCfg = Debug|Any CPU
		{62D886A4-B04C-1586-08FC-3F37066ED73B}.Debug|Any CPU.Build.0 = Debug|Any CPU
		{62D886A4-B04C-1586-08FC-3F37066ED73B}.Release|Any CPU.ActiveCfg = Release|Any CPU
		{62D886A4-B04C-1586-08FC-3F37066ED73B}.Release|Any CPU.Build.0 = Release|Any CPU
		{19658330-F285-8C04-25C5-F8A27CDCFA0D}.Debug|Any CPU.ActiveCfg = Debug|Any CPU
		{19658330-F285-8C04-25C5-F8A27CDCFA0D}.Debug|Any CPU.Build.0 = Debug|Any CPU
		{19658330-F285-8C04-25C5-F8A27CDCFA0D}.Release|Any CPU.ActiveCfg = Release|Any CPU
		{19658330-F285-8C04-25C5-F8A27CDCFA0D}.Release|Any CPU.Build.0 = Release|Any CPU
		{96E846BD-ED9F-092F-04A7-CBDAF6E62B80}.Debug|Any CPU.ActiveCfg = Debug|Any CPU
		{96E846BD-ED9F-092F-04A7-CBDAF6E62B80}.Debug|Any CPU.Build.0 = Debug|Any CPU
		{96E846BD-ED9F-092F-04A7-CBDAF6E62B80}.Release|Any CPU.ActiveCfg = Release|Any CPU
		{96E846BD-ED9F-092F-04A7-CBDAF6E62B80}.Release|Any CPU.Build.0 = Release|Any CPU
	EndGlobalSection
	GlobalSection(SolutionProperties) = preSolution
		HideSolutionNode = FALSE
	EndGlobalSection
	GlobalSection(NestedProjects) = preSolution
		{8C1606FE-2172-4F31-BFD6-E27D546EAC05} = {02EA681E-C7D8-13C7-8484-4AC65E1B71E8}
		{A865A5A1-7D89-4984-A868-31BFF11A3CC6} = {8C1606FE-2172-4F31-BFD6-E27D546EAC05}
		{3E6ED84C-EEF0-28E0-7122-CBE9AAB6CE28} = {A865A5A1-7D89-4984-A868-31BFF11A3CC6}
		{14CAF458-907C-43A9-AE4D-53BA507080A6} = {02EA681E-C7D8-13C7-8484-4AC65E1B71E8}
		{5FFD1C35-D70A-4FD2-B68F-9A3FF51BC26D} = {02EA681E-C7D8-13C7-8484-4AC65E1B71E8}
		{2C59E140-58BE-2575-EFA6-5EEF08D86238} = {14CAF458-907C-43A9-AE4D-53BA507080A6}
		{01D6A983-CD4B-45DD-9288-174BAF20F9F0} = {5FFD1C35-D70A-4FD2-B68F-9A3FF51BC26D}
		{E313E604-D6E9-408A-A1BD-2ABC024B5B09} = {01D6A983-CD4B-45DD-9288-174BAF20F9F0}
		{68FC49CD-7FD9-4392-AC13-8AC070F4C263} = {5FFD1C35-D70A-4FD2-B68F-9A3FF51BC26D}
		{DA84945C-A139-4713-92BA-AF5CBC39CCC0} = {5FFD1C35-D70A-4FD2-B68F-9A3FF51BC26D}
		{A7396060-41E2-48B1-BC09-6B93E2CC038E} = {DA84945C-A139-4713-92BA-AF5CBC39CCC0}
		{31215C44-F98E-449F-8FB1-70233F50F572} = {68FC49CD-7FD9-4392-AC13-8AC070F4C263}
		{949C9372-5C3C-D4E1-1363-6B122FBE3DC1} = {E313E604-D6E9-408A-A1BD-2ABC024B5B09}
		{1D95701C-1113-394F-00AA-ED82C0AD29AC} = {31215C44-F98E-449F-8FB1-70233F50F572}
		{86DF4057-736C-0D47-F14B-DD2EB1BD5240} = {A7396060-41E2-48B1-BC09-6B93E2CC038E}
		{D0E71E11-255F-4626-81F9-28062F5F1388} = {5FFD1C35-D70A-4FD2-B68F-9A3FF51BC26D}
		{1A9D9CA3-CF15-20D1-B4C1-87352C9C4203} = {D0E71E11-255F-4626-81F9-28062F5F1388}
		{B24BE22E-0EB7-4220-84E4-5D0AC61FBE1B} = {DA84945C-A139-4713-92BA-AF5CBC39CCC0}
		{62D886A4-B04C-1586-08FC-3F37066ED73B} = {B24BE22E-0EB7-4220-84E4-5D0AC61FBE1B}
		{BCEDCB60-47AF-4351-8F8A-64F98318427F} = {01D6A983-CD4B-45DD-9288-174BAF20F9F0}
		{19658330-F285-8C04-25C5-F8A27CDCFA0D} = {BCEDCB60-47AF-4351-8F8A-64F98318427F}
		{D1A70B4F-07CE-4A18-B863-1221E9E05D9B} = {5FFD1C35-D70A-4FD2-B68F-9A3FF51BC26D}
		{21C9B13B-9589-4B2C-999E-5D4014510302} = {D1A70B4F-07CE-4A18-B863-1221E9E05D9B}
		{96E846BD-ED9F-092F-04A7-CBDAF6E62B80} = {21C9B13B-9589-4B2C-999E-5D4014510302}
	EndGlobalSection
	GlobalSection(ExtensibilityGlobals) = postSolution
		SolutionGuid = {339CC579-22AA-4132-BCA9-6A0766506610}
	EndGlobalSection
EndGlobal
